
Microsoft Visual Studio Solution File, Format Version 12.00
# Visual Studio Version 17
VisualStudioVersion = 17.0.31903.59
MinimumVisualStudioVersion = 10.0.40219.1
Project("{FAE04EC0-301F-11D3-BF4B-00C04F79EFBC}") = "StarBridge.Core", "StarBridge.Core\StarBridge.Core.csproj", "{F3D4963B-1FB4-4302-8EF3-1101B4383359}"
EndProject
Project("{FAE04EC0-301F-11D3-BF4B-00C04F79EFBC}") = "StarBridge.Console", "StarBridge.Console\StarBridge.Console.csproj", "{02C20AEB-353A-4324-B4E7-ED0CFA72D466}"
EndProject
Project("{FAE04EC0-301F-11D3-BF4B-00C04F79EFBC}") = "StarBridge.App", "StarBridge.App\StarBridge.App.csproj", "{588AE6EE-9D7F-496A-AB2D-27B95B6E7817}"
EndProject
Project("{FAE04EC0-301F-11D3-BF4B-00C04F79EFBC}") = "StarBridge.Desktop", "StarBridge.Desktop\StarBridge.Desktop.csproj", "{EF473E1E-B1B4-40FA-A284-4AD7BB1F624B}"
EndProject
Project("{FAE04EC0-301F-11D3-BF4B-00C04F79EFBC}") = "StarBridge.Server", "StarBridge.Server\StarBridge.Server.csproj", "{A114163E-9FC9-48FE-A998-FE549C01269B}"
EndProject
Global
	GlobalSection(SolutionConfigurationPlatforms) = preSolution
		Debug|Any CPU = Debug|Any CPU
		Release|Any CPU = Release|Any CPU
	EndGlobalSection
	GlobalSection(SolutionProperties) = preSolution
		HideSolutionNode = FALSE
	EndGlobalSection
	GlobalSection(ProjectConfigurationPlatforms) = postSolution
		{F3D4963B-1FB4-4302-8EF3-1101B4383359}.Debug|Any CPU.ActiveCfg = Debug|Any CPU
		{F3D4963B-1FB4-4302-8EF3-1101B4383359}.Debug|Any CPU.Build.0 = Debug|Any CPU
		{F3D4963B-1FB4-4302-8EF3-1101B4383359}.Release|Any CPU.ActiveCfg = Release|Any CPU
		{F3D4963B-1FB4-4302-8EF3-1101B4383359}.Release|Any CPU.Build.0 = Release|Any CPU
		{02C20AEB-353A-4324-B4E7-ED0CFA72D466}.Debug|Any CPU.ActiveCfg = Debug|Any CPU
		{02C20AEB-353A-4324-B4E7-ED0CFA72D466}.Debug|Any CPU.Build.0 = Debug|Any CPU
		{02C20AEB-353A-4324-B4E7-ED0CFA72D466}.Release|Any CPU.ActiveCfg = Release|Any CPU
		{02C20AEB-353A-4324-B4E7-ED0CFA72D466}.Release|Any CPU.Build.0 = Release|Any CPU
		{588AE6EE-9D7F-496A-AB2D-27B95B6E7817}.Debug|Any CPU.ActiveCfg = Debug|Any CPU
		{588AE6EE-9D7F-496A-AB2D-27B95B6E7817}.Debug|Any CPU.Build.0 = Debug|Any CPU
		{588AE6EE-9D7F-496A-AB2D-27B95B6E7817}.Release|Any CPU.ActiveCfg = Release|Any CPU
		{588AE6EE-9D7F-496A-AB2D-27B95B6E7817}.Release|Any CPU.Build.0 = Release|Any CPU
		{EF473E1E-B1B4-40FA-A284-4AD7BB1F624B}.Debug|Any CPU.ActiveCfg = Debug|Any CPU
		{EF473E1E-B1B4-40FA-A284-4AD7BB1F624B}.Debug|Any CPU.Build.0 = Debug|Any CPU
		{EF473E1E-B1B4-40FA-A284-4AD7BB1F624B}.Release|Any CPU.ActiveCfg = Release|Any CPU
		{EF473E1E-B1B4-40FA-A284-4AD7BB1F624B}.Release|Any CPU.Build.0 = Release|Any CPU
		{A114163E-9FC9-48FE-A998-FE549C01269B}.Debug|Any CPU.ActiveCfg = Debug|Any CPU
		{A114163E-9FC9-48FE-A998-FE549C01269B}.Debug|Any CPU.Build.0 = Debug|Any CPU
		{A114163E-9FC9-48FE-A998-FE549C01269B}.Release|Any CPU.ActiveCfg = Release|Any CPU
		{A114163E-9FC9-48FE-A998-FE549C01269B}.Release|Any CPU.Build.0 = Release|Any CPU
	EndGlobalSection
EndGlobal
